
Microsoft Visual Studio Solution File, Format Version 12.00
# Visual Studio Version 17
VisualStudioVersion = 17.8.34330.188
MinimumVisualStudioVersion = 10.0.40219.1
Project("{FAE04EC0-301F-11D3-BF4B-00C04F79EFBC}") = "Configuration_Assignment_24", "Configuration_Assignment_24\Configuration_Assignment_24.csproj", "{E630E727-D996-426F-8603-162D78BB2BEF}"
EndProject
Global
	GlobalSection(SolutionConfigurationPlatforms) = preSolution
		Debug|Any CPU = Debug|Any CPU
		Release|Any CPU = Release|Any CPU
	EndGlobalSection
	GlobalSection(ProjectConfigurationPlatforms) = postSolution
		{E630E727-D996-426F-8603-162D78BB2BEF}.Debug|Any CPU.ActiveCfg = Debug|Any CPU
		{E630E727-D996-426F-8603-162D78BB2BEF}.Debug|Any CPU.Build.0 = Debug|Any CPU
		{E630E727-D996-426F-8603-162D78BB2BEF}.Release|Any CPU.ActiveCfg = Release|Any CPU
		{E630E727-D996-426F-8603-162D78BB2BEF}.Release|Any CPU.Build.0 = Release|Any CPU
	EndGlobalSection
	GlobalSection(SolutionProperties) = preSolution
		HideSolutionNode = FALSE
	EndGlobalSection
	GlobalSection(ExtensibilityGlobals) = postSolution
		SolutionGuid = {2CEC2DEE-A1F3-4B21-BC78-FD1BCECFCF7E}
	EndGlobalSection
EndGlobal
