
Microsoft Visual Studio Solution File, Format Version 12.00
# Visual Studio Version 17
VisualStudioVersion = 17.8.34330.188
MinimumVisualStudioVersion = 10.0.40219.1
Project("{FAE04EC0-301F-11D3-BF4B-00C04F79EFBC}") = "PartialViews_Assignment", "PartialViews_Assignment\PartialViews_Assignment.csproj", "{DC215E91-44DA-4070-B304-BAE4E8C87738}"
EndProject
Global
	GlobalSection(SolutionConfigurationPlatforms) = preSolution
		Debug|Any CPU = Debug|Any CPU
		Release|Any CPU = Release|Any CPU
	EndGlobalSection
	GlobalSection(ProjectConfigurationPlatforms) = postSolution
		{DC215E91-44DA-4070-B304-BAE4E8C87738}.Debug|Any CPU.ActiveCfg = Debug|Any CPU
		{DC215E91-44DA-4070-B304-BAE4E8C87738}.Debug|Any CPU.Build.0 = Debug|Any CPU
		{DC215E91-44DA-4070-B304-BAE4E8C87738}.Release|Any CPU.ActiveCfg = Release|Any CPU
		{DC215E91-44DA-4070-B304-BAE4E8C87738}.Release|Any CPU.Build.0 = Release|Any CPU
	EndGlobalSection
	GlobalSection(SolutionProperties) = preSolution
		HideSolutionNode = FALSE
	EndGlobalSection
	GlobalSection(ExtensibilityGlobals) = postSolution
		SolutionGuid = {254A2E31-0B96-4071-AC4D-68E3CD9644B0}
	EndGlobalSection
EndGlobal
